// !$*UTF8*$!
{
	archiveVersion = 1;
	classes = {
	};
	objectVersion = 46;
	objects = {

/* Begin PBXBuildFile section */
		BBFD15F81CC0431400963028 /* main.m in Sources */ = {isa = PBXBuildFile; fileRef = BBFD15F71CC0431400963028 /* main.m */; };
		BBFD15FB1CC0431400963028 /* AppDelegate.m in Sources */ = {isa = PBXBuildFile; fileRef = BBFD15FA1CC0431400963028 /* AppDelegate.m */; };
		BBFD15FE1CC0431400963028 /* ViewController.m in Sources */ = {isa = PBXBuildFile; fileRef = BBFD15FD1CC0431400963028 /* ViewController.m */; };
		BBFD16011CC0431400963028 /* Main.storyboard in Resources */ = {isa = PBXBuildFile; fileRef = BBFD15FF1CC0431400963028 /* Main.storyboard */; };
		BBFD16041CC0431400963028 /* MovieApp.xcdatamodeld in Sources */ = {isa = PBXBuildFile; fileRef = BBFD16021CC0431400963028 /* MovieApp.xcdatamodeld */; };
		BBFD16061CC0431400963028 /* Assets.xcassets in Resources */ = {isa = PBXBuildFile; fileRef = BBFD16051CC0431400963028 /* Assets.xcassets */; };
		BBFD16091CC0431400963028 /* LaunchScreen.storyboard in Resources */ = {isa = PBXBuildFile; fileRef = BBFD16071CC0431400963028 /* LaunchScreen.storyboard */; };
/* End PBXBuildFile section */

/* Begin PBXFileReference section */
		BBFD15F31CC0431400963028 /* MovieApp.app */ = {isa = PBXFileReference; explicitFileType = wrapper.application; includeInIndex = 0; path = MovieApp.app; sourceTree = BUILT_PRODUCTS_DIR; };
		BBFD15F71CC0431400963028 /* main.m */ = {isa = PBXFileReference; lastKnownFileType = sourcecode.c.objc; path = main.m; sourceTree = "<group>"; };
		BBFD15F91CC0431400963028 /* AppDelegate.h */ = {isa = PBXFileReference; lastKnownFileType = sourcecode.c.h; path = AppDelegate.h; sourceTree = "<group>"; };
		BBFD15FA1CC0431400963028 /* AppDelegate.m */ = {isa = PBXFileReference; lastKnownFileType = sourcecode.c.objc; path = AppDelegate.m; sourceTree = "<group>"; };
		BBFD15FC1CC0431400963028 /* ViewController.h */ = {isa = PBXFileReference; lastKnownFileType = sourcecode.c.h; path = ViewController.h; sourceTree = "<group>"; };
		BBFD15FD1CC0431400963028 /* ViewController.m */ = {isa = PBXFileReference; lastKnownFileType = sourcecode.c.objc; path = ViewController.m; sourceTree = "<group>"; };
		BBFD16001CC0431400963028 /* Base */ = {isa = PBXFileReference; lastKnownFileType = file.storyboard; name = Base; path = Base.lproj/Main.storyboard; sourceTree = "<group>"; };
		BBFD16031CC0431400963028 /* MovieApp.xcdatamodel */ = {isa = PBXFileReference; lastKnownFileType = wrapper.xcdatamodel; path = MovieApp.xcdatamodel; sourceTree = "<group>"; };
		BBFD16051CC0431400963028 /* Assets.xcassets */ = {isa = PBXFileReference; lastKnownFileType = folder.assetcatalog; path = Assets.xcassets; sourceTree = "<group>"; };
		BBFD16081CC0431400963028 /* Base */ = {isa = PBXFileReference; lastKnownFileType = file.storyboard; name = Base; path = Base.lproj/LaunchScreen.storyboard; sourceTree = "<group>"; };
		BBFD160A1CC0431400963028 /* Info.plist */ = {isa = PBXFileReference; lastKnownFileType = text.plist.xml; path = Info.plist; sourceTree = "<group>"; };
/* End PBXFileReference section */

/* Begin PBXFrameworksBuildPhase section */
		BBFD15F01CC0431400963028 /* Frameworks */ = {
			isa = PBXFrameworksBuildPhase;
			buildActionMask = 2147483647;
			files = (
			);
			runOnlyForDeploymentPostprocessing = 0;
		};
/* End PBXFrameworksBuildPhase section */

/* Begin PBXGroup section */
		BBFD15EA1CC0431400963028 = {
			isa = PBXGroup;
			children = (
				BBFD15F51CC0431400963028 /* MovieApp */,
				BBFD15F41CC0431400963028 /* Products */,
			);
			sourceTree = "<group>";
		};
		BBFD15F41CC0431400963028 /* Products */ = {
			isa = PBXGroup;
			children = (
				BBFD15F31CC0431400963028 /* MovieApp.app */,
			);
			name = Products;
			sourceTree = "<group>";
		};
		BBFD15F51CC0431400963028 /* MovieApp */ = {
			isa = PBXGroup;
			children = (
				BBFD15F91CC0431400963028 /* AppDelegate.h */,
				BBFD15FA1CC0431400963028 /* AppDelegate.m */,
				BBFD15FC1CC0431400963028 /* ViewController.h */,
				BBFD15FD1CC0431400963028 /* ViewController.m */,
				BBFD15FF1CC0431400963028 /* Main.storyboard */,
				BBFD16051CC0431400963028 /* Assets.xcassets */,
				BBFD16071CC0431400963028 /* LaunchScreen.storyboard */,
				BBFD160A1CC0431400963028 /* Info.plist */,
				BBFD16021CC0431400963028 /* MovieApp.xcdatamodeld */,
				BBFD15F61CC0431400963028 /* Supporting Files */,
			);
			path = MovieApp;
			sourceTree = "<group>";
		};
		BBFD15F61CC0431400963028 /* Supporting Files */ = {
			isa = PBXGroup;
			children = (
				BBFD15F71CC0431400963028 /* main.m */,
			);
			name = "Supporting Files";
			sourceTree = "<group>";
		};
/* End PBXGroup section */

/* Begin PBXNativeTarget section */
		BBFD15F21CC0431400963028 /* MovieApp */ = {
			isa = PBXNativeTarget;
			buildConfigurationList = BBFD160D1CC0431400963028 /* Build configuration list for PBXNativeTarget "MovieApp" */;
			buildPhases = (
				BBFD15EF1CC0431400963028 /* Sources */,
				BBFD15F01CC0431400963028 /* Frameworks */,
				BBFD15F11CC0431400963028 /* Resources */,
			);
			buildRules = (
			);
			dependencies = (
			);
			name = MovieApp;
			productName = MovieApp;
			productReference = BBFD15F31CC0431400963028 /* MovieApp.app */;
			productType = "com.apple.product-type.application";
		};
/* End PBXNativeTarget section */

/* Begin PBXProject section */
		BBFD15EB1CC0431400963028 /* Project object */ = {
			isa = PBXProject;
			attributes = {
				LastUpgradeCheck = 0730;
				ORGANIZATIONNAME = Ranjan;
				TargetAttributes = {
					BBFD15F21CC0431400963028 = {
						CreatedOnToolsVersion = 7.3;
					};
				};
			};
			buildConfigurationList = BBFD15EE1CC0431400963028 /* Build configuration list for PBXProject "MovieApp" */;
			compatibilityVersion = "Xcode 3.2";
			developmentRegion = English;
			hasScannedForEncodings = 0;
			knownRegions = (
				en,
				Base,
			);
			mainGroup = BBFD15EA1CC0431400963028;
			productRefGroup = BBFD15F41CC0431400963028 /* Products */;
			projectDirPath = "";
			projectRoot = "";
			targets = (
				BBFD15F21CC0431400963028 /* MovieApp */,
			);
		};
/* End PBXProject section */

/* Begin PBXResourcesBuildPhase section */
		BBFD15F11CC0431400963028 /* Resources */ = {
			isa = PBXResourcesBuildPhase;
			buildActionMask = 2147483647;
			files = (
				BBFD16091CC0431400963028 /* LaunchScreen.storyboard in Resources */,
				BBFD16061CC0431400963028 /* Assets.xcassets in Resources */,
				BBFD16011CC0431400963028 /* Main.storyboard in Resources */,
			);
			runOnlyForDeploymentPostprocessing = 0;
		};
/* End PBXResourcesBuildPhase section */

/* Begin PBXSourcesBuildPhase section */
		BBFD15EF1CC0431400963028 /* Sources */ = {
			isa = PBXSourcesBuildPhase;
			buildActionMask = 2147483647;
			files = (
				BBFD15FE1CC0431400963028 /* ViewController.m in Sources */,
				BBFD15FB1CC0431400963028 /* AppDelegate.m in Sources */,
				BBFD16041CC0431400963028 /* MovieApp.xcdatamodeld in Sources */,
				BBFD15F81CC0431400963028 /* main.m in Sources */,
			);
			runOnlyForDeploymentPostprocessing = 0;
		};
/* End PBXSourcesBuildPhase section */

/* Begin PBXVariantGroup section */
		BBFD15FF1CC0431400963028 /* Main.storyboard */ = {
			isa = PBXVariantGroup;
			children = (
				BBFD16001CC0431400963028 /* Base */,
			);
			name = Main.storyboard;
			sourceTree = "<group>";
		};
		BBFD16071CC0431400963028 /* LaunchScreen.storyboard */ = {
			isa = PBXVariantGroup;
			children = (
				BBFD16081CC0431400963028 /* Base */,
			);
			name = LaunchScreen.storyboard;
			sourceTree = "<group>";
		};
/* End PBXVariantGroup section */

/* Begin XCBuildConfiguration section */
		BBFD160B1CC0431400963028 /* Debug */ = {
			isa = XCBuildConfiguration;
			buildSettings = {
				ALWAYS_SEARCH_USER_PATHS = NO;
				CLANG_ANALYZER_NONNULL = YES;
				CLANG_CXX_LANGUAGE_STANDARD = "gnu++0x";
				CLANG_CXX_LIBRARY = "libc++";
				CLANG_ENABLE_MODULES = YES;
				CLANG_ENABLE_OBJC_ARC = YES;
				CLANG_WARN_BOOL_CONVERSION = YES;
				CLANG_WARN_CONSTANT_CONVERSION = YES;
				CLANG_WARN_DIRECT_OBJC_ISA_USAGE = YES_ERROR;
				CLANG_WARN_EMPTY_BODY = YES;
				CLANG_WARN_ENUM_CONVERSION = YES;
				CLANG_WARN_INT_CONVERSION = YES;
				CLANG_WARN_OBJC_ROOT_CLASS = YES_ERROR;
				CLANG_WARN_UNREACHABLE_CODE = YES;
				CLANG_WARN__DUPLICATE_METHOD_MATCH = YES;
				"CODE_SIGN_IDENTITY[sdk=iphoneos*]" = "iPhone Developer";
				COPY_PHASE_STRIP = NO;
				DEBUG_INFORMATION_FORMAT = dwarf;
				ENABLE_STRICT_OBJC_MSGSEND = YES;
				ENABLE_TESTABILITY = YES;
				GCC_C_LANGUAGE_STANDARD = gnu99;
				GCC_DYNAMIC_NO_PIC = NO;
				GCC_NO_COMMON_BLOCKS = YES;
				GCC_OPTIMIZATION_LEVEL = 0;
				GCC_PREPROCESSOR_DEFINITIONS = (
					"DEBUG=1",
					"$(inherited)",
				);
				GCC_WARN_64_TO_32_BIT_CONVERSION = YES;
				GCC_WARN_ABOUT_RETURN_TYPE = YES_ERROR;
				GCC_WARN_UNDECLARED_SELECTOR = YES;
				GCC_WARN_UNINITIALIZED_AUTOS = YES_AGGRESSIVE;
				GCC_WARN_UNUSED_FUNCTION = YES;
				GCC_WARN_UNUSED_VARIABLE = YES;
				IPHONEOS_DEPLOYMENT_TARGET = 9.3;
				MTL_ENABLE_DEBUG_INFO = YES;
				ONLY_ACTIVE_ARCH = YES;
				SDKROOT = iphoneos;
			};
			name = Debug;
		};
		BBFD160C1CC0431400963028 /* Release */ = {
			isa = XCBuildConfiguration;
			buildSettings = {
				ALWAYS_SEARCH_USER_PATHS = NO;
				CLANG_ANALYZER_NONNULL = YES;
				CLANG_CXX_LANGUAGE_STANDARD = "gnu++0x";
				CLANG_CXX_LIBRARY = "libc++";
				CLANG_ENABLE_MODULES = YES;
				CLANG_ENABLE_OBJC_ARC = YES;
				CLANG_WARN_BOOL_CONVERSION = YES;
				CLANG_WARN_CONSTANT_CONVERSION = YES;
				CLANG_WARN_DIRECT_OBJC_ISA_USAGE = YES_ERROR;
				CLANG_WARN_EMPTY_BODY = YES;
				CLANG_WARN_ENUM_CONVERSION = YES;
				CLANG_WARN_INT_CONVERSION = YES;
				CLANG_WARN_OBJC_ROOT_CLASS = YES_ERROR;
				CLANG_WARN_UNREACHABLE_CODE = YES;
				CLANG_WARN__DUPLICATE_METHOD_MATCH = YES;
				"CODE_SIGN_IDENTITY[sdk=iphoneos*]" = "iPhone Developer";
				COPY_PHASE_STRIP = NO;
				DEBUG_INFORMATION_FORMAT = "dwarf-with-dsym";
				ENABLE_NS_ASSERTIONS = NO;
				ENABLE_STRICT_OBJC_MSGSEND = YES;
				GCC_C_LANGUAGE_STANDARD = gnu99;
				GCC_NO_COMMON_BLOCKS = YES;
				GCC_WARN_64_TO_32_BIT_CONVERSION = YES;
				GCC_WARN_ABOUT_RETURN_TYPE = YES_ERROR;
				GCC_WARN_UNDECLARED_SELECTOR = YES;
				GCC_WARN_UNINITIALIZED_AUTOS = YES_AGGRESSIVE;
				GCC_WARN_UNUSED_FUNCTION = YES;
				GCC_WARN_UNUSED_VARIABLE = YES;
				IPHONEOS_DEPLOYMENT_TARGET = 9.3;
				MTL_ENABLE_DEBUG_INFO = NO;
				SDKROOT = iphoneos;
				VALIDATE_PRODUCT = YES;
			};
			name = Release;
		};
		BBFD160E1CC0431400963028 /* Debug */ = {
			isa = XCBuildConfiguration;
			buildSettings = {
				ASSETCATALOG_COMPILER_APPICON_NAME = AppIcon;
				INFOPLIST_FILE = MovieApp/Info.plist;
				LD_RUNPATH_SEARCH_PATHS = "$(inherited) @executable_path/Frameworks";
				PRODUCT_BUNDLE_IDENTIFIER = com.test.MovieApp;
				PRODUCT_NAME = "$(TARGET_NAME)";
			};
			name = Debug;
		};
		BBFD160F1CC0431400963028 /* Release */ = {
			isa = XCBuildConfiguration;
			buildSettings = {
				ASSETCATALOG_COMPILER_APPICON_NAME = AppIcon;
				INFOPLIST_FILE = MovieApp/Info.plist;
				LD_RUNPATH_SEARCH_PATHS = "$(inherited) @executable_path/Frameworks";
				PRODUCT_BUNDLE_IDENTIFIER = com.test.MovieApp;
				PRODUCT_NAME = "$(TARGET_NAME)";
			};
			name = Release;
		};
/* End XCBuildConfiguration section */

/* Begin XCConfigurationList section */
		BBFD15EE1CC0431400963028 /* Build configuration list for PBXProject "MovieApp" */ = {
			isa = XCConfigurationList;
			buildConfigurations = (
				BBFD160B1CC0431400963028 /* Debug */,
				BBFD160C1CC0431400963028 /* Release */,
			);
			defaultConfigurationIsVisible = 0;
			defaultConfigurationName = Release;
		};
		BBFD160D1CC0431400963028 /* Build configuration list for PBXNativeTarget "MovieApp" */ = {
			isa = XCConfigurationList;
			buildConfigurations = (
				BBFD160E1CC0431400963028 /* Debug */,
				BBFD160F1CC0431400963028 /* Release */,
			);
			defaultConfigurationIsVisible = 0;
		};
/* End XCConfigurationList section */

/* Begin XCVersionGroup section */
		BBFD16021CC0431400963028 /* MovieApp.xcdatamodeld */ = {
			isa = XCVersionGroup;
			children = (
				BBFD16031CC0431400963028 /* MovieApp.xcdatamodel */,
			);
			currentVersion = BBFD16031CC0431400963028 /* MovieApp.xcdatamodel */;
			path = MovieApp.xcdatamodeld;
			sourceTree = "<group>";
			versionGroupType = wrapper.xcdatamodel;
		};
/* End XCVersionGroup section */
	};
	rootObject = BBFD15EB1CC0431400963028 /* Project object */;
}
